
Microsoft Visual Studio Solution File, Format Version 12.00
# Visual Studio Version 16
VisualStudioVersion = 16.0.30611.23
MinimumVisualStudioVersion = 10.0.40219.1
Project("{8BC9CEB8-8B4A-11D0-8D11-00A0C91BC942}") = "[10718]We_love_kriii", "[10718]We_love_kriii\[10718]We_love_kriii.vcxproj", "{2299D378-89C8-4CF5-9B2D-FB3B97544698}"
EndProject
Global
	GlobalSection(SolutionConfigurationPlatforms) = preSolution
		Debug|x64 = Debug|x64
		Debug|x86 = Debug|x86
		Release|x64 = Release|x64
		Release|x86 = Release|x86
	EndGlobalSection
	GlobalSection(ProjectConfigurationPlatforms) = postSolution
		{2299D378-89C8-4CF5-9B2D-FB3B97544698}.Debug|x64.ActiveCfg = Debug|x64
		{2299D378-89C8-4CF5-9B2D-FB3B97544698}.Debug|x64.Build.0 = Debug|x64
		{2299D378-89C8-4CF5-9B2D-FB3B97544698}.Debug|x86.ActiveCfg = Debug|Win32
		{2299D378-89C8-4CF5-9B2D-FB3B97544698}.Debug|x86.Build.0 = Debug|Win32
		{2299D378-89C8-4CF5-9B2D-FB3B97544698}.Release|x64.ActiveCfg = Release|x64
		{2299D378-89C8-4CF5-9B2D-FB3B97544698}.Release|x64.Build.0 = Release|x64
		{2299D378-89C8-4CF5-9B2D-FB3B97544698}.Release|x86.ActiveCfg = Release|Win32
		{2299D378-89C8-4CF5-9B2D-FB3B97544698}.Release|x86.Build.0 = Release|Win32
	EndGlobalSection
	GlobalSection(SolutionProperties) = preSolution
		HideSolutionNode = FALSE
	EndGlobalSection
	GlobalSection(ExtensibilityGlobals) = postSolution
		SolutionGuid = {BAE47ED9-3DEB-442F-85E5-EC96CE4F0359}
	EndGlobalSection
EndGlobal
